
Microsoft Visual Studio Solution File, Format Version 12.00
# Visual Studio Version 17
VisualStudioVersion = 17.13.35825.156 d17.13
MinimumVisualStudioVersion = 10.0.40219.1
Project("{FAE04EC0-301F-11D3-BF4B-00C04F79EFBC}") = "Temp", "Temp.csproj", "{445470BD-76B9-4586-A2A0-2498D4D68AEF}"
EndProject
Global
	GlobalSection(SolutionConfigurationPlatforms) = preSolution
		Debug|Any CPU = Debug|Any CPU
		Release|Any CPU = Release|Any CPU
	EndGlobalSection
	GlobalSection(ProjectConfigurationPlatforms) = postSolution
		{445470BD-76B9-4586-A2A0-2498D4D68AEF}.Debug|Any CPU.ActiveCfg = Debug|Any CPU
		{445470BD-76B9-4586-A2A0-2498D4D68AEF}.Debug|Any CPU.Build.0 = Debug|Any CPU
		{445470BD-76B9-4586-A2A0-2498D4D68AEF}.Release|Any CPU.ActiveCfg = Release|Any CPU
		{445470BD-76B9-4586-A2A0-2498D4D68AEF}.Release|Any CPU.Build.0 = Release|Any CPU
	EndGlobalSection
	GlobalSection(SolutionProperties) = preSolution
		HideSolutionNode = FALSE
	EndGlobalSection
	GlobalSection(ExtensibilityGlobals) = postSolution
		SolutionGuid = {CCDD5FA0-A698-4054-9135-A83C665E3015}
	EndGlobalSection
EndGlobal
